
Microsoft Visual Studio Solution File, Format Version 12.00
# Visual Studio 15
VisualStudioVersion = 15.0.28307.136
MinimumVisualStudioVersion = 10.0.40219.1
Project("{FAE04EC0-301F-11D3-BF4B-00C04F79EFBC}") = "Inet4121.Android", "Inet4121\Inet4121.Android\Inet4121.Android.csproj", "{800096C7-18D1-47AB-B879-BA31FC03DA79}"
EndProject
Project("{FAE04EC0-301F-11D3-BF4B-00C04F79EFBC}") = "Inet4121.UWP", "Inet4121\Inet4121.UWP\Inet4121.UWP.csproj", "{35434317-99AE-44F4-8C7A-5D450AF1AD65}"
EndProject
Project("{FAE04EC0-301F-11D3-BF4B-00C04F79EFBC}") = "Inet4121", "Inet4121\Inet4121\Inet4121.csproj", "{D60F5787-FF6C-4F77-AE91-F129D182A04A}"
EndProject
Global
	GlobalSection(SolutionConfigurationPlatforms) = preSolution
		Debug|Any CPU = Debug|Any CPU
		Debug|ARM = Debug|ARM
		Debug|x64 = Debug|x64
		Debug|x86 = Debug|x86
		Release|Any CPU = Release|Any CPU
		Release|ARM = Release|ARM
		Release|x64 = Release|x64
		Release|x86 = Release|x86
	EndGlobalSection
	GlobalSection(ProjectConfigurationPlatforms) = postSolution
		{800096C7-18D1-47AB-B879-BA31FC03DA79}.Debug|Any CPU.ActiveCfg = Debug|Any CPU
		{800096C7-18D1-47AB-B879-BA31FC03DA79}.Debug|Any CPU.Build.0 = Debug|Any CPU
		{800096C7-18D1-47AB-B879-BA31FC03DA79}.Debug|Any CPU.Deploy.0 = Debug|Any CPU
		{800096C7-18D1-47AB-B879-BA31FC03DA79}.Debug|ARM.ActiveCfg = Debug|Any CPU
		{800096C7-18D1-47AB-B879-BA31FC03DA79}.Debug|ARM.Build.0 = Debug|Any CPU
		{800096C7-18D1-47AB-B879-BA31FC03DA79}.Debug|ARM.Deploy.0 = Debug|Any CPU
		{800096C7-18D1-47AB-B879-BA31FC03DA79}.Debug|x64.ActiveCfg = Debug|Any CPU
		{800096C7-18D1-47AB-B879-BA31FC03DA79}.Debug|x64.Build.0 = Debug|Any CPU
		{800096C7-18D1-47AB-B879-BA31FC03DA79}.Debug|x64.Deploy.0 = Debug|Any CPU
		{800096C7-18D1-47AB-B879-BA31FC03DA79}.Debug|x86.ActiveCfg = Debug|Any CPU
		{800096C7-18D1-47AB-B879-BA31FC03DA79}.Debug|x86.Build.0 = Debug|Any CPU
		{800096C7-18D1-47AB-B879-BA31FC03DA79}.Debug|x86.Deploy.0 = Debug|Any CPU
		{800096C7-18D1-47AB-B879-BA31FC03DA79}.Release|Any CPU.ActiveCfg = Release|Any CPU
		{800096C7-18D1-47AB-B879-BA31FC03DA79}.Release|Any CPU.Build.0 = Release|Any CPU
		{800096C7-18D1-47AB-B879-BA31FC03DA79}.Release|Any CPU.Deploy.0 = Release|Any CPU
		{800096C7-18D1-47AB-B879-BA31FC03DA79}.Release|ARM.ActiveCfg = Release|Any CPU
		{800096C7-18D1-47AB-B879-BA31FC03DA79}.Release|ARM.Build.0 = Release|Any CPU
		{800096C7-18D1-47AB-B879-BA31FC03DA79}.Release|ARM.Deploy.0 = Release|Any CPU
		{800096C7-18D1-47AB-B879-BA31FC03DA79}.Release|x64.ActiveCfg = Release|Any CPU
		{800096C7-18D1-47AB-B879-BA31FC03DA79}.Release|x64.Build.0 = Release|Any CPU
		{800096C7-18D1-47AB-B879-BA31FC03DA79}.Release|x64.Deploy.0 = Release|Any CPU
		{800096C7-18D1-47AB-B879-BA31FC03DA79}.Release|x86.ActiveCfg = Release|Any CPU
		{800096C7-18D1-47AB-B879-BA31FC03DA79}.Release|x86.Build.0 = Release|Any CPU
		{800096C7-18D1-47AB-B879-BA31FC03DA79}.Release|x86.Deploy.0 = Release|Any CPU
		{35434317-99AE-44F4-8C7A-5D450AF1AD65}.Debug|Any CPU.ActiveCfg = Debug|x86
		{35434317-99AE-44F4-8C7A-5D450AF1AD65}.Debug|Any CPU.Build.0 = Debug|x86
		{35434317-99AE-44F4-8C7A-5D450AF1AD65}.Debug|Any CPU.Deploy.0 = Debug|x86
		{35434317-99AE-44F4-8C7A-5D450AF1AD65}.Debug|ARM.ActiveCfg = Debug|ARM
		{35434317-99AE-44F4-8C7A-5D450AF1AD65}.Debug|ARM.Build.0 = Debug|ARM
		{35434317-99AE-44F4-8C7A-5D450AF1AD65}.Debug|ARM.Deploy.0 = Debug|ARM
		{35434317-99AE-44F4-8C7A-5D450AF1AD65}.Debug|x64.ActiveCfg = Debug|x64
		{35434317-99AE-44F4-8C7A-5D450AF1AD65}.Debug|x64.Build.0 = Debug|x64
		{35434317-99AE-44F4-8C7A-5D450AF1AD65}.Debug|x64.Deploy.0 = Debug|x64
		{35434317-99AE-44F4-8C7A-5D450AF1AD65}.Debug|x86.ActiveCfg = Debug|x86
		{35434317-99AE-44F4-8C7A-5D450AF1AD65}.Debug|x86.Build.0 = Debug|x86
		{35434317-99AE-44F4-8C7A-5D450AF1AD65}.Debug|x86.Deploy.0 = Debug|x86
		{35434317-99AE-44F4-8C7A-5D450AF1AD65}.Release|Any CPU.ActiveCfg = Release|x86
		{35434317-99AE-44F4-8C7A-5D450AF1AD65}.Release|Any CPU.Build.0 = Release|x86
		{35434317-99AE-44F4-8C7A-5D450AF1AD65}.Release|Any CPU.Deploy.0 = Release|x86
		{35434317-99AE-44F4-8C7A-5D450AF1AD65}.Release|ARM.ActiveCfg = Release|ARM
		{35434317-99AE-44F4-8C7A-5D450AF1AD65}.Release|ARM.Build.0 = Release|ARM
		{35434317-99AE-44F4-8C7A-5D450AF1AD65}.Release|ARM.Deploy.0 = Release|ARM
		{35434317-99AE-44F4-8C7A-5D450AF1AD65}.Release|x64.ActiveCfg = Release|x64
		{35434317-99AE-44F4-8C7A-5D450AF1AD65}.Release|x64.Build.0 = Release|x64
		{35434317-99AE-44F4-8C7A-5D450AF1AD65}.Release|x64.Deploy.0 = Release|x64
		{35434317-99AE-44F4-8C7A-5D450AF1AD65}.Release|x86.ActiveCfg = Release|x86
		{35434317-99AE-44F4-8C7A-5D450AF1AD65}.Release|x86.Build.0 = Release|x86
		{35434317-99AE-44F4-8C7A-5D450AF1AD65}.Release|x86.Deploy.0 = Release|x86
		{D60F5787-FF6C-4F77-AE91-F129D182A04A}.Debug|Any CPU.ActiveCfg = Debug|Any CPU
		{D60F5787-FF6C-4F77-AE91-F129D182A04A}.Debug|Any CPU.Build.0 = Debug|Any CPU
		{D60F5787-FF6C-4F77-AE91-F129D182A04A}.Debug|Any CPU.Deploy.0 = Debug|Any CPU
		{D60F5787-FF6C-4F77-AE91-F129D182A04A}.Debug|ARM.ActiveCfg = Debug|Any CPU
		{D60F5787-FF6C-4F77-AE91-F129D182A04A}.Debug|ARM.Build.0 = Debug|Any CPU
		{D60F5787-FF6C-4F77-AE91-F129D182A04A}.Debug|ARM.Deploy.0 = Debug|Any CPU
		{D60F5787-FF6C-4F77-AE91-F129D182A04A}.Debug|x64.ActiveCfg = Debug|Any CPU
		{D60F5787-FF6C-4F77-AE91-F129D182A04A}.Debug|x64.Build.0 = Debug|Any CPU
		{D60F5787-FF6C-4F77-AE91-F129D182A04A}.Debug|x64.Deploy.0 = Debug|Any CPU
		{D60F5787-FF6C-4F77-AE91-F129D182A04A}.Debug|x86.ActiveCfg = Debug|Any CPU
		{D60F5787-FF6C-4F77-AE91-F129D182A04A}.Debug|x86.Build.0 = Debug|Any CPU
		{D60F5787-FF6C-4F77-AE91-F129D182A04A}.Debug|x86.Deploy.0 = Debug|Any CPU
		{D60F5787-FF6C-4F77-AE91-F129D182A04A}.Release|Any CPU.ActiveCfg = Release|Any CPU
		{D60F5787-FF6C-4F77-AE91-F129D182A04A}.Release|Any CPU.Build.0 = Release|Any CPU
		{D60F5787-FF6C-4F77-AE91-F129D182A04A}.Release|Any CPU.Deploy.0 = Release|Any CPU
		{D60F5787-FF6C-4F77-AE91-F129D182A04A}.Release|ARM.ActiveCfg = Release|Any CPU
		{D60F5787-FF6C-4F77-AE91-F129D182A04A}.Release|ARM.Build.0 = Release|Any CPU
		{D60F5787-FF6C-4F77-AE91-F129D182A04A}.Release|ARM.Deploy.0 = Release|Any CPU
		{D60F5787-FF6C-4F77-AE91-F129D182A04A}.Release|x64.ActiveCfg = Release|Any CPU
		{D60F5787-FF6C-4F77-AE91-F129D182A04A}.Release|x64.Build.0 = Release|Any CPU
		{D60F5787-FF6C-4F77-AE91-F129D182A04A}.Release|x64.Deploy.0 = Release|Any CPU
		{D60F5787-FF6C-4F77-AE91-F129D182A04A}.Release|x86.ActiveCfg = Release|Any CPU
		{D60F5787-FF6C-4F77-AE91-F129D182A04A}.Release|x86.Build.0 = Release|Any CPU
		{D60F5787-FF6C-4F77-AE91-F129D182A04A}.Release|x86.Deploy.0 = Release|Any CPU
	EndGlobalSection
	GlobalSection(SolutionProperties) = preSolution
		HideSolutionNode = FALSE
	EndGlobalSection
	GlobalSection(ExtensibilityGlobals) = postSolution
		SolutionGuid = {DB7D887F-7C76-46C8-84BA-8EB60AD2AD2F}
	EndGlobalSection
EndGlobal
